
Microsoft Visual Studio Solution File, Format Version 12.00
# Visual Studio Version 16
VisualStudioVersion = 16.0.31729.503
MinimumVisualStudioVersion = 10.0.40219.1
Project("{FAE04EC0-301F-11D3-BF4B-00C04F79EFBC}") = "PTPM_NET105_ValidateFrom", "PTPM_NET105_ValidateFrom\PTPM_NET105_ValidateFrom.csproj", "{2C02CA9A-8FA8-4482-8909-B70E2C30AA41}"
EndProject
Global
	GlobalSection(SolutionConfigurationPlatforms) = preSolution
		Debug|Any CPU = Debug|Any CPU
		Release|Any CPU = Release|Any CPU
	EndGlobalSection
	GlobalSection(ProjectConfigurationPlatforms) = postSolution
		{2C02CA9A-8FA8-4482-8909-B70E2C30AA41}.Debug|Any CPU.ActiveCfg = Debug|Any CPU
		{2C02CA9A-8FA8-4482-8909-B70E2C30AA41}.Debug|Any CPU.Build.0 = Debug|Any CPU
		{2C02CA9A-8FA8-4482-8909-B70E2C30AA41}.Release|Any CPU.ActiveCfg = Release|Any CPU
		{2C02CA9A-8FA8-4482-8909-B70E2C30AA41}.Release|Any CPU.Build.0 = Release|Any CPU
	EndGlobalSection
	GlobalSection(SolutionProperties) = preSolution
		HideSolutionNode = FALSE
	EndGlobalSection
	GlobalSection(ExtensibilityGlobals) = postSolution
		SolutionGuid = {7C930E25-29D1-441D-A04F-05A3B8BCEDB4}
	EndGlobalSection
EndGlobal
